
Microsoft Visual Studio Solution File, Format Version 12.00
# Visual Studio Version 16
VisualStudioVersion = 16.0.31402.337
MinimumVisualStudioVersion = 10.0.40219.1
Project("{FAE04EC0-301F-11D3-BF4B-00C04F79EFBC}") = "JuegoRol", "JuegoRol.csproj", "{F4F53C7B-2407-4B1A-A1E5-27EE43C56CE1}"
EndProject
Global
	GlobalSection(SolutionConfigurationPlatforms) = preSolution
		Debug|Any CPU = Debug|Any CPU
		Release|Any CPU = Release|Any CPU
	EndGlobalSection
	GlobalSection(ProjectConfigurationPlatforms) = postSolution
		{F4F53C7B-2407-4B1A-A1E5-27EE43C56CE1}.Debug|Any CPU.ActiveCfg = Debug|Any CPU
		{F4F53C7B-2407-4B1A-A1E5-27EE43C56CE1}.Debug|Any CPU.Build.0 = Debug|Any CPU
		{F4F53C7B-2407-4B1A-A1E5-27EE43C56CE1}.Release|Any CPU.ActiveCfg = Release|Any CPU
		{F4F53C7B-2407-4B1A-A1E5-27EE43C56CE1}.Release|Any CPU.Build.0 = Release|Any CPU
	EndGlobalSection
	GlobalSection(SolutionProperties) = preSolution
		HideSolutionNode = FALSE
	EndGlobalSection
	GlobalSection(ExtensibilityGlobals) = postSolution
		SolutionGuid = {23942D4D-8B8A-4B0A-9824-6A22D1A5C8CF}
	EndGlobalSection
EndGlobal
